<?xml version="1.0" encoding="utf-8"?>
<Project ToolsVersion="4.0" xmlns="http://schemas.microsoft.com/developer/msbuild/2003">
  <ItemGroup>
    <Filter Include="Source Files">
      <UniqueIdentifier>{4FC737F1-C7A5-4376-A066-2A32D752A2FF}</UniqueIdentifier>
      <Extensions>cpp;c;cc;cxx;def;odl;idl;hpj;bat;asm;asmx</Extensions>
    </Filter>
    <Filter Include="Header Files">
      <UniqueIdentifier>{93995380-89BD-4b04-88EB-625FBE52EBFB}</UniqueIdentifier>
      <Extensions>h;hh;hpp;hxx;hm;inl;inc;ipp;xsd</Extensions>
    </Filter>
    <Filter Include="Resource Files">
      <UniqueIdentifier>{67DA6AB6-F800-4c08-8B7A-83BB121AAD01}</UniqueIdentifier>
      <Extensions>rc;ico;cur;bmp;dlg;rc2;rct;bin;rgs;gif;jpg;jpeg;jpe;resx;tiff;tif;png;wav;mfcribbon-ms</Extensions>
    </Filter>
    <Filter Include="Header Files\lambda">
      <UniqueIdentifier>{2e41a646-ac9c-47a0-b294-c2a6d39c27c9}</UniqueIdentifier>
    </Filter>
    <Filter Include="Source Files\lambda">
      <UniqueIdentifier>{85011f3a-51a2-43a0-9eab-24fc0f1ade81}</UniqueIdentifier>
    </Filter>
    <Filter Include="Header Files\ub">
      <UniqueIdentifier>{8dd06b92-fd43-442e-a91e-93edeb6f2824}</UniqueIdentifier>
    </Filter>
  </ItemGroup>
  <ItemGroup>
    <ClCompile Include="source\main.cpp">
      <Filter>Source Files</Filter>
    </ClCompile>
    <ClCompile Include="source\lambda\parse_ast.cpp">
      <Filter>Source Files\lambda</Filter>
    </ClCompile>
    <ClCompile Include="source\lambda\typed_ast.cpp">
      <Filter>Source Files\lambda</Filter>
    </ClCompile>
  </ItemGroup>
  <ItemGroup>
    <ClInclude Include="include\ub\macros.h">
      <Filter>Header Files\ub</Filter>
    </ClInclude>
    <ClInclude Include="include\lambda\typed_ast.h">
      <Filter>Header Files\lambda</Filter>
    </ClInclude>
    <ClInclude Include="include\lambda\parse_ast.h">
      <Filter>Header Files\lambda</Filter>
    </ClInclude>
    <ClInclude Include="include\ub\utility.h">
      <Filter>Header Files\ub</Filter>
    </ClInclude>
    <ClInclude Include="include\ub\shared_string.h">
      <Filter>Header Files\ub</Filter>
    </ClInclude>
    <ClInclude Include="include\ub\checked_iterators.h">
      <Filter>Header Files\ub</Filter>
    </ClInclude>
  </ItemGroup>
  <ItemGroup>
    <None Include=".clang-format">
      <Filter>Resource Files</Filter>
    </None>
    <None Include=".gitignore">
      <Filter>Resource Files</Filter>
    </None>
  </ItemGroup>
  <ItemGroup>
    <Text Include="TODO.txt">
      <Filter>Resource Files</Filter>
    </Text>
  </ItemGroup>
</Project>